
Microsoft Visual Studio Solution File, Format Version 12.00
# Visual Studio Version 17
VisualStudioVersion = 17.5.33414.496
MinimumVisualStudioVersion = 10.0.40219.1
Project("{2150E333-8FDC-42A3-9474-1A3956D46DE8}") = "01.Common", "01.Common", "{34C4A797-6673-4E49-B339-98F9688D5FA4}"
EndProject
Project("{2150E333-8FDC-42A3-9474-1A3956D46DE8}") = "02.API", "02.API", "{C5164A72-2C3F-4BBC-B31C-E27DC504A1A9}"
EndProject
Project("{9A19103F-16F7-4668-BE54-9A1E7A4F7556}") = "Addon.Caching", "01.Common\Addon.Caching\Addon.Caching.csproj", "{8A8C684D-A1BB-467B-8F60-F2ECE02A026D}"
EndProject
Project("{9A19103F-16F7-4668-BE54-9A1E7A4F7556}") = "Addon.API", "02.API\Addon.API\Addon.API.csproj", "{0CE1D9A0-1DE5-4F3E-97DC-4BC35015421E}"
EndProject
Project("{9A19103F-16F7-4668-BE54-9A1E7A4F7556}") = "Addon.Core", "01.Common\Addon.Core\Addon.Core.csproj", "{4696FA78-50CE-47C0-B3F4-1ED0C1984E83}"
EndProject
Project("{9A19103F-16F7-4668-BE54-9A1E7A4F7556}") = "Addon.DataProcess", "01.Common\Addon.DataProcess\Addon.DataProcess.csproj", "{5F403374-261B-4779-BFD8-5C1DB5BE182E}"
EndProject
Project("{9A19103F-16F7-4668-BE54-9A1E7A4F7556}") = "AddOn.Models", "AddOn.Models\AddOn.Models.csproj", "{367A55DA-354B-4556-B8BA-60BF386F7A8E}"
EndProject
Global
	GlobalSection(SolutionConfigurationPlatforms) = preSolution
		Debug|Any CPU = Debug|Any CPU
		Release|Any CPU = Release|Any CPU
	EndGlobalSection
	GlobalSection(ProjectConfigurationPlatforms) = postSolution
		{8A8C684D-A1BB-467B-8F60-F2ECE02A026D}.Debug|Any CPU.ActiveCfg = Debug|Any CPU
		{8A8C684D-A1BB-467B-8F60-F2ECE02A026D}.Debug|Any CPU.Build.0 = Debug|Any CPU
		{8A8C684D-A1BB-467B-8F60-F2ECE02A026D}.Release|Any CPU.ActiveCfg = Release|Any CPU
		{8A8C684D-A1BB-467B-8F60-F2ECE02A026D}.Release|Any CPU.Build.0 = Release|Any CPU
		{0CE1D9A0-1DE5-4F3E-97DC-4BC35015421E}.Debug|Any CPU.ActiveCfg = Debug|Any CPU
		{0CE1D9A0-1DE5-4F3E-97DC-4BC35015421E}.Debug|Any CPU.Build.0 = Debug|Any CPU
		{0CE1D9A0-1DE5-4F3E-97DC-4BC35015421E}.Release|Any CPU.ActiveCfg = Release|Any CPU
		{0CE1D9A0-1DE5-4F3E-97DC-4BC35015421E}.Release|Any CPU.Build.0 = Release|Any CPU
		{4696FA78-50CE-47C0-B3F4-1ED0C1984E83}.Debug|Any CPU.ActiveCfg = Debug|Any CPU
		{4696FA78-50CE-47C0-B3F4-1ED0C1984E83}.Debug|Any CPU.Build.0 = Debug|Any CPU
		{4696FA78-50CE-47C0-B3F4-1ED0C1984E83}.Release|Any CPU.ActiveCfg = Release|Any CPU
		{4696FA78-50CE-47C0-B3F4-1ED0C1984E83}.Release|Any CPU.Build.0 = Release|Any CPU
		{5F403374-261B-4779-BFD8-5C1DB5BE182E}.Debug|Any CPU.ActiveCfg = Debug|Any CPU
		{5F403374-261B-4779-BFD8-5C1DB5BE182E}.Debug|Any CPU.Build.0 = Debug|Any CPU
		{5F403374-261B-4779-BFD8-5C1DB5BE182E}.Release|Any CPU.ActiveCfg = Release|Any CPU
		{5F403374-261B-4779-BFD8-5C1DB5BE182E}.Release|Any CPU.Build.0 = Release|Any CPU
		{367A55DA-354B-4556-B8BA-60BF386F7A8E}.Debug|Any CPU.ActiveCfg = Debug|Any CPU
		{367A55DA-354B-4556-B8BA-60BF386F7A8E}.Debug|Any CPU.Build.0 = Debug|Any CPU
		{367A55DA-354B-4556-B8BA-60BF386F7A8E}.Release|Any CPU.ActiveCfg = Release|Any CPU
		{367A55DA-354B-4556-B8BA-60BF386F7A8E}.Release|Any CPU.Build.0 = Release|Any CPU
	EndGlobalSection
	GlobalSection(SolutionProperties) = preSolution
		HideSolutionNode = FALSE
	EndGlobalSection
	GlobalSection(NestedProjects) = preSolution
		{8A8C684D-A1BB-467B-8F60-F2ECE02A026D} = {34C4A797-6673-4E49-B339-98F9688D5FA4}
		{0CE1D9A0-1DE5-4F3E-97DC-4BC35015421E} = {C5164A72-2C3F-4BBC-B31C-E27DC504A1A9}
		{4696FA78-50CE-47C0-B3F4-1ED0C1984E83} = {34C4A797-6673-4E49-B339-98F9688D5FA4}
		{5F403374-261B-4779-BFD8-5C1DB5BE182E} = {34C4A797-6673-4E49-B339-98F9688D5FA4}
		{367A55DA-354B-4556-B8BA-60BF386F7A8E} = {34C4A797-6673-4E49-B339-98F9688D5FA4}
	EndGlobalSection
	GlobalSection(ExtensibilityGlobals) = postSolution
		SolutionGuid = {B7CBC775-318C-47EB-A2D7-19F7390C9D0F}
	EndGlobalSection
EndGlobal
